
Microsoft Visual Studio Solution File, Format Version 12.00
# Visual Studio Version 16
VisualStudioVersion = 16.0.30114.105
MinimumVisualStudioVersion = 10.0.40219.1
Project("{FAE04EC0-301F-11D3-BF4B-00C04F79EFBC}") = "Example001_HelloConsole", "Example001_HelloConsole\Example001_HelloConsole.csproj", "{89CBD3E7-C3E7-4596-952C-C4FD3D518958}"
EndProject
Project("{2150E333-8FDC-42A3-9474-1A3956D46DE8}") = "Examples", "Examples", "{70DC583B-3ACE-494B-A2E4-A851492EDB41}"
EndProject
Project("{FAE04EC0-301F-11D3-BF4B-00C04F79EFBC}") = "Example002_HelloUser", "Example002_HelloUser\Example002_HelloUser.csproj", "{82F90595-3485-402F-B289-5280B790CA09}"
EndProject
Project("{FAE04EC0-301F-11D3-BF4B-00C04F79EFBC}") = "work430", "work430\work430.csproj", "{7ED618F4-9390-4BCE-81EF-155BB292C541}"
EndProject
Project("{2150E333-8FDC-42A3-9474-1A3956D46DE8}") = "Seminars", "Seminars", "{1B73FC4E-4F48-467F-97D7-52955E755E95}"
EndProject
Project("{2150E333-8FDC-42A3-9474-1A3956D46DE8}") = "Seminar01", "Seminar01", "{3FEAA93C-F45D-4264-AEDC-D80EA8707C59}"
EndProject
Project("{2150E333-8FDC-42A3-9474-1A3956D46DE8}") = "Seminar02", "Seminar02", "{AF051439-3687-4077-96A9-FA4DDD463125}"
EndProject
Project("{2150E333-8FDC-42A3-9474-1A3956D46DE8}") = "Seminar03", "Seminar03", "{C5A18BF0-3D57-4C98-8191-EA4C53F24E55}"
EndProject
Project("{2150E333-8FDC-42A3-9474-1A3956D46DE8}") = "Seminar04", "Seminar04", "{6B90CE15-1329-4E5D-8C7B-A08F81E0853B}"
EndProject
Project("{FAE04EC0-301F-11D3-BF4B-00C04F79EFBC}") = "work001", "work001\work001.csproj", "{467657C0-2399-4718-BF6D-A2ED626F61B1}"
EndProject
Project("{FAE04EC0-301F-11D3-BF4B-00C04F79EFBC}") = "work002", "work002\work002.csproj", "{728CDB48-ACB5-44EB-A1B2-DE6F0F94FA3B}"
EndProject
Project("{FAE04EC0-301F-11D3-BF4B-00C04F79EFBC}") = "Example003_Sum", "Example003_Sum\Example003_Sum.csproj", "{201F8D47-D8FB-480D-A2D4-BB681B1AD8A1}"
EndProject
Project("{FAE04EC0-301F-11D3-BF4B-00C04F79EFBC}") = "Example005_ConditionIfElse", "Example005_ConditionIfElse\Example005_ConditionIfElse.csproj", "{327B1A95-FBF0-477D-A01E-4F74EA60DE63}"
EndProject
Project("{FAE04EC0-301F-11D3-BF4B-00C04F79EFBC}") = "Example006_Base", "Example006_Base\Example006_Base.csproj", "{4EE3CEE3-9EF0-4CCB-944F-1DBF18C0BDB8}"
EndProject
Project("{FAE04EC0-301F-11D3-BF4B-00C04F79EFBC}") = "Example007_Magic", "Example007_Magic\Example007_Magic.csproj", "{28339D53-D694-4CA4-8B34-25FEA0D786E9}"
EndProject
Project("{FAE04EC0-301F-11D3-BF4B-00C04F79EFBC}") = "Example008_IntroMethod", "Example008_IntroMethod\Example008_IntroMethod.csproj", "{D6654055-2B7B-457B-BF93-4B40B8D449B1}"
EndProject
Project("{FAE04EC0-301F-11D3-BF4B-00C04F79EFBC}") = "Example009_IntroArray", "Example009_IntroArray\Example009_IntroArray.csproj", "{66A31910-1ECF-498B-99B4-F8F574AAFAB5}"
EndProject
Project("{FAE04EC0-301F-11D3-BF4B-00C04F79EFBC}") = "Example010_MethodArray", "Example010_MethodArray\Example010_MethodArray.csproj", "{CD8519D2-15C5-49A5-9B35-670F5648BAEB}"
EndProject
Project("{FAE04EC0-301F-11D3-BF4B-00C04F79EFBC}") = "Example011_ArrayLibrary", "Example011_ArrayLibrary\Example011_ArrayLibrary.csproj", "{D5B89C89-AC83-483C-9BA7-4833FDCACAE4}"
EndProject
Project("{FAE04EC0-301F-11D3-BF4B-00C04F79EFBC}") = "Example012_Methods", "Example012_Methods\Example012_Methods.csproj", "{C90F5F74-5B6A-4646-9D23-557CEB96B776}"
EndProject
Project("{FAE04EC0-301F-11D3-BF4B-00C04F79EFBC}") = "Example004_Div", "Example004_Div\Example004_Div.csproj", "{20F03240-1B90-4EFB-9434-0F2C299B2A0C}"
EndProject
Project("{FAE04EC0-301F-11D3-BF4B-00C04F79EFBC}") = "work003", "work003\work003.csproj", "{0AD0C3F6-0E74-481C-858A-FE938022A400}"
EndProject
Project("{FAE04EC0-301F-11D3-BF4B-00C04F79EFBC}") = "work004", "work004\work004.csproj", "{F7E692FF-1368-4154-832E-FD0BD5FE0382}"
EndProject
Project("{FAE04EC0-301F-11D3-BF4B-00C04F79EFBC}") = "work211", "work211\work211.csproj", "{A506AF7F-EBD5-4B85-9F41-8090F389BE3D}"
EndProject
Project("{FAE04EC0-301F-11D3-BF4B-00C04F79EFBC}") = "work212", "work212\work212.csproj", "{FDC923D1-08D2-492F-8773-FC4E897FC46F}"
EndProject
Project("{FAE04EC0-301F-11D3-BF4B-00C04F79EFBC}") = "work214", "work214\work214.csproj", "{DB8207B2-D889-4D17-809D-A9077385D4D3}"
EndProject
Project("{FAE04EC0-301F-11D3-BF4B-00C04F79EFBC}") = "work216", "work216\work216.csproj", "{862F8FBE-92D5-4CD1-A9D6-330A625736D2}"
EndProject
Project("{FAE04EC0-301F-11D3-BF4B-00C04F79EFBC}") = "work317", "work317\work317.csproj", "{7F4DA43B-544A-43D0-80C3-0FC5895BCCC8}"
EndProject
Project("{FAE04EC0-301F-11D3-BF4B-00C04F79EFBC}") = "work318", "work318\work318.csproj", "{1F6EA806-AA75-47D1-8FCC-73AB3B9203E3}"
EndProject
Project("{FAE04EC0-301F-11D3-BF4B-00C04F79EFBC}") = "work321", "work321\work321.csproj", "{E7FEDF8E-8573-42A7-A591-4F902EADE9A4}"
EndProject
Project("{FAE04EC0-301F-11D3-BF4B-00C04F79EFBC}") = "work322", "work322\work322.csproj", "{326DC61E-9992-4ADE-8B78-789EC6983367}"
EndProject
Project("{FAE04EC0-301F-11D3-BF4B-00C04F79EFBC}") = "work424", "work424\work424.csproj", "{7888E7D8-1AAE-4224-98E8-C3C9136E26BD}"
EndProject
Project("{FAE04EC0-301F-11D3-BF4B-00C04F79EFBC}") = "work426", "work426\work426.csproj", "{EEFA7E17-5C9C-4A33-885B-67118F0114FE}"
EndProject
Project("{2150E333-8FDC-42A3-9474-1A3956D46DE8}") = "Seminar05", "Seminar05", "{53816411-9E36-425C-87E8-232B154732AC}"
EndProject
Project("{FAE04EC0-301F-11D3-BF4B-00C04F79EFBC}") = "Work531", "Work531\Work531.csproj", "{B229C972-B424-4C9B-968B-6F3DC5130607}"
EndProject
Project("{FAE04EC0-301F-11D3-BF4B-00C04F79EFBC}") = "work537", "work537\work537.csproj", "{6D7CACC8-2BE5-435F-AB00-74B57213165C}"
EndProject
Project("{FAE04EC0-301F-11D3-BF4B-00C04F79EFBC}") = "work535", "work535\work535.csproj", "{EE053ED7-FE9B-4BEB-87C4-9AA3635F0601}"
EndProject
Project("{FAE04EC0-301F-11D3-BF4B-00C04F79EFBC}") = "work533", "work533\work533.csproj", "{AD4766C0-EE3B-43EC-B0D0-1941A40B955D}"
EndProject
Project("{FAE04EC0-301F-11D3-BF4B-00C04F79EFBC}") = "work532", "work532\work532.csproj", "{35A1B026-8B82-4C0A-9466-8E9F9749D2EC}"
EndProject
Project("{FAE04EC0-301F-11D3-BF4B-00C04F79EFBC}") = "Example013_RecursionAlgorithm", "Example013_RecursionAlgorithm\Example013_RecursionAlgorithm.csproj", "{EB71EE01-FD20-442A-8F8C-4C3E5EF25818}"
EndProject
Project("{2150E333-8FDC-42A3-9474-1A3956D46DE8}") = "Seminar06", "Seminar06", "{49522E48-B8CF-4A33-9057-DD337E6A012F}"
EndProject
Project("{FAE04EC0-301F-11D3-BF4B-00C04F79EFBC}") = "work639", "work639\work639.csproj", "{C83549B3-6F59-4598-A08A-EAA27AB28213}"
EndProject
Project("{FAE04EC0-301F-11D3-BF4B-00C04F79EFBC}") = "work640", "work640\work640.csproj", "{8A460DD3-C58E-4624-B04F-7BA59B96F4C6}"
EndProject
Project("{FAE04EC0-301F-11D3-BF4B-00C04F79EFBC}") = "work642", "work642\work642.csproj", "{D8E7D898-1C16-42E8-97FD-9C077AC8D7CC}"
EndProject
Project("{FAE04EC0-301F-11D3-BF4B-00C04F79EFBC}") = "work644", "work644\work644.csproj", "{12B3135C-D828-4B7B-A71A-BB1967CB5852}"
EndProject
Project("{FAE04EC0-301F-11D3-BF4B-00C04F79EFBC}") = "work645", "work645\work645.csproj", "{B9705DE9-0AEB-42D7-B4BA-5282F879EA4E}"
EndProject
Global
	GlobalSection(SolutionConfigurationPlatforms) = preSolution
		Debug|Any CPU = Debug|Any CPU
		Release|Any CPU = Release|Any CPU
	EndGlobalSection
	GlobalSection(SolutionProperties) = preSolution
		HideSolutionNode = FALSE
	EndGlobalSection
	GlobalSection(ProjectConfigurationPlatforms) = postSolution
		{89CBD3E7-C3E7-4596-952C-C4FD3D518958}.Debug|Any CPU.ActiveCfg = Debug|Any CPU
		{89CBD3E7-C3E7-4596-952C-C4FD3D518958}.Debug|Any CPU.Build.0 = Debug|Any CPU
		{89CBD3E7-C3E7-4596-952C-C4FD3D518958}.Release|Any CPU.ActiveCfg = Release|Any CPU
		{89CBD3E7-C3E7-4596-952C-C4FD3D518958}.Release|Any CPU.Build.0 = Release|Any CPU
		{82F90595-3485-402F-B289-5280B790CA09}.Debug|Any CPU.ActiveCfg = Debug|Any CPU
		{82F90595-3485-402F-B289-5280B790CA09}.Debug|Any CPU.Build.0 = Debug|Any CPU
		{82F90595-3485-402F-B289-5280B790CA09}.Release|Any CPU.ActiveCfg = Release|Any CPU
		{82F90595-3485-402F-B289-5280B790CA09}.Release|Any CPU.Build.0 = Release|Any CPU
		{7ED618F4-9390-4BCE-81EF-155BB292C541}.Debug|Any CPU.ActiveCfg = Debug|Any CPU
		{7ED618F4-9390-4BCE-81EF-155BB292C541}.Debug|Any CPU.Build.0 = Debug|Any CPU
		{7ED618F4-9390-4BCE-81EF-155BB292C541}.Release|Any CPU.ActiveCfg = Release|Any CPU
		{7ED618F4-9390-4BCE-81EF-155BB292C541}.Release|Any CPU.Build.0 = Release|Any CPU
		{467657C0-2399-4718-BF6D-A2ED626F61B1}.Debug|Any CPU.ActiveCfg = Debug|Any CPU
		{467657C0-2399-4718-BF6D-A2ED626F61B1}.Debug|Any CPU.Build.0 = Debug|Any CPU
		{467657C0-2399-4718-BF6D-A2ED626F61B1}.Release|Any CPU.ActiveCfg = Release|Any CPU
		{467657C0-2399-4718-BF6D-A2ED626F61B1}.Release|Any CPU.Build.0 = Release|Any CPU
		{728CDB48-ACB5-44EB-A1B2-DE6F0F94FA3B}.Debug|Any CPU.ActiveCfg = Debug|Any CPU
		{728CDB48-ACB5-44EB-A1B2-DE6F0F94FA3B}.Debug|Any CPU.Build.0 = Debug|Any CPU
		{728CDB48-ACB5-44EB-A1B2-DE6F0F94FA3B}.Release|Any CPU.ActiveCfg = Release|Any CPU
		{728CDB48-ACB5-44EB-A1B2-DE6F0F94FA3B}.Release|Any CPU.Build.0 = Release|Any CPU
		{201F8D47-D8FB-480D-A2D4-BB681B1AD8A1}.Debug|Any CPU.ActiveCfg = Debug|Any CPU
		{201F8D47-D8FB-480D-A2D4-BB681B1AD8A1}.Debug|Any CPU.Build.0 = Debug|Any CPU
		{201F8D47-D8FB-480D-A2D4-BB681B1AD8A1}.Release|Any CPU.ActiveCfg = Release|Any CPU
		{201F8D47-D8FB-480D-A2D4-BB681B1AD8A1}.Release|Any CPU.Build.0 = Release|Any CPU
		{327B1A95-FBF0-477D-A01E-4F74EA60DE63}.Debug|Any CPU.ActiveCfg = Debug|Any CPU
		{327B1A95-FBF0-477D-A01E-4F74EA60DE63}.Debug|Any CPU.Build.0 = Debug|Any CPU
		{327B1A95-FBF0-477D-A01E-4F74EA60DE63}.Release|Any CPU.ActiveCfg = Release|Any CPU
		{327B1A95-FBF0-477D-A01E-4F74EA60DE63}.Release|Any CPU.Build.0 = Release|Any CPU
		{4EE3CEE3-9EF0-4CCB-944F-1DBF18C0BDB8}.Debug|Any CPU.ActiveCfg = Debug|Any CPU
		{4EE3CEE3-9EF0-4CCB-944F-1DBF18C0BDB8}.Debug|Any CPU.Build.0 = Debug|Any CPU
		{4EE3CEE3-9EF0-4CCB-944F-1DBF18C0BDB8}.Release|Any CPU.ActiveCfg = Release|Any CPU
		{4EE3CEE3-9EF0-4CCB-944F-1DBF18C0BDB8}.Release|Any CPU.Build.0 = Release|Any CPU
		{28339D53-D694-4CA4-8B34-25FEA0D786E9}.Debug|Any CPU.ActiveCfg = Debug|Any CPU
		{28339D53-D694-4CA4-8B34-25FEA0D786E9}.Debug|Any CPU.Build.0 = Debug|Any CPU
		{28339D53-D694-4CA4-8B34-25FEA0D786E9}.Release|Any CPU.ActiveCfg = Release|Any CPU
		{28339D53-D694-4CA4-8B34-25FEA0D786E9}.Release|Any CPU.Build.0 = Release|Any CPU
		{D6654055-2B7B-457B-BF93-4B40B8D449B1}.Debug|Any CPU.ActiveCfg = Debug|Any CPU
		{D6654055-2B7B-457B-BF93-4B40B8D449B1}.Debug|Any CPU.Build.0 = Debug|Any CPU
		{D6654055-2B7B-457B-BF93-4B40B8D449B1}.Release|Any CPU.ActiveCfg = Release|Any CPU
		{D6654055-2B7B-457B-BF93-4B40B8D449B1}.Release|Any CPU.Build.0 = Release|Any CPU
		{66A31910-1ECF-498B-99B4-F8F574AAFAB5}.Debug|Any CPU.ActiveCfg = Debug|Any CPU
		{66A31910-1ECF-498B-99B4-F8F574AAFAB5}.Debug|Any CPU.Build.0 = Debug|Any CPU
		{66A31910-1ECF-498B-99B4-F8F574AAFAB5}.Release|Any CPU.ActiveCfg = Release|Any CPU
		{66A31910-1ECF-498B-99B4-F8F574AAFAB5}.Release|Any CPU.Build.0 = Release|Any CPU
		{CD8519D2-15C5-49A5-9B35-670F5648BAEB}.Debug|Any CPU.ActiveCfg = Debug|Any CPU
		{CD8519D2-15C5-49A5-9B35-670F5648BAEB}.Debug|Any CPU.Build.0 = Debug|Any CPU
		{CD8519D2-15C5-49A5-9B35-670F5648BAEB}.Release|Any CPU.ActiveCfg = Release|Any CPU
		{CD8519D2-15C5-49A5-9B35-670F5648BAEB}.Release|Any CPU.Build.0 = Release|Any CPU
		{D5B89C89-AC83-483C-9BA7-4833FDCACAE4}.Debug|Any CPU.ActiveCfg = Debug|Any CPU
		{D5B89C89-AC83-483C-9BA7-4833FDCACAE4}.Debug|Any CPU.Build.0 = Debug|Any CPU
		{D5B89C89-AC83-483C-9BA7-4833FDCACAE4}.Release|Any CPU.ActiveCfg = Release|Any CPU
		{D5B89C89-AC83-483C-9BA7-4833FDCACAE4}.Release|Any CPU.Build.0 = Release|Any CPU
		{C90F5F74-5B6A-4646-9D23-557CEB96B776}.Debug|Any CPU.ActiveCfg = Debug|Any CPU
		{C90F5F74-5B6A-4646-9D23-557CEB96B776}.Debug|Any CPU.Build.0 = Debug|Any CPU
		{C90F5F74-5B6A-4646-9D23-557CEB96B776}.Release|Any CPU.ActiveCfg = Release|Any CPU
		{C90F5F74-5B6A-4646-9D23-557CEB96B776}.Release|Any CPU.Build.0 = Release|Any CPU
		{20F03240-1B90-4EFB-9434-0F2C299B2A0C}.Debug|Any CPU.ActiveCfg = Debug|Any CPU
		{20F03240-1B90-4EFB-9434-0F2C299B2A0C}.Debug|Any CPU.Build.0 = Debug|Any CPU
		{20F03240-1B90-4EFB-9434-0F2C299B2A0C}.Release|Any CPU.ActiveCfg = Release|Any CPU
		{20F03240-1B90-4EFB-9434-0F2C299B2A0C}.Release|Any CPU.Build.0 = Release|Any CPU
		{0AD0C3F6-0E74-481C-858A-FE938022A400}.Debug|Any CPU.ActiveCfg = Debug|Any CPU
		{0AD0C3F6-0E74-481C-858A-FE938022A400}.Debug|Any CPU.Build.0 = Debug|Any CPU
		{0AD0C3F6-0E74-481C-858A-FE938022A400}.Release|Any CPU.ActiveCfg = Release|Any CPU
		{0AD0C3F6-0E74-481C-858A-FE938022A400}.Release|Any CPU.Build.0 = Release|Any CPU
		{F7E692FF-1368-4154-832E-FD0BD5FE0382}.Debug|Any CPU.ActiveCfg = Debug|Any CPU
		{F7E692FF-1368-4154-832E-FD0BD5FE0382}.Debug|Any CPU.Build.0 = Debug|Any CPU
		{F7E692FF-1368-4154-832E-FD0BD5FE0382}.Release|Any CPU.ActiveCfg = Release|Any CPU
		{F7E692FF-1368-4154-832E-FD0BD5FE0382}.Release|Any CPU.Build.0 = Release|Any CPU
		{A506AF7F-EBD5-4B85-9F41-8090F389BE3D}.Debug|Any CPU.ActiveCfg = Debug|Any CPU
		{A506AF7F-EBD5-4B85-9F41-8090F389BE3D}.Debug|Any CPU.Build.0 = Debug|Any CPU
		{A506AF7F-EBD5-4B85-9F41-8090F389BE3D}.Release|Any CPU.ActiveCfg = Release|Any CPU
		{A506AF7F-EBD5-4B85-9F41-8090F389BE3D}.Release|Any CPU.Build.0 = Release|Any CPU
		{FDC923D1-08D2-492F-8773-FC4E897FC46F}.Debug|Any CPU.ActiveCfg = Debug|Any CPU
		{FDC923D1-08D2-492F-8773-FC4E897FC46F}.Debug|Any CPU.Build.0 = Debug|Any CPU
		{FDC923D1-08D2-492F-8773-FC4E897FC46F}.Release|Any CPU.ActiveCfg = Release|Any CPU
		{FDC923D1-08D2-492F-8773-FC4E897FC46F}.Release|Any CPU.Build.0 = Release|Any CPU
		{DB8207B2-D889-4D17-809D-A9077385D4D3}.Debug|Any CPU.ActiveCfg = Debug|Any CPU
		{DB8207B2-D889-4D17-809D-A9077385D4D3}.Debug|Any CPU.Build.0 = Debug|Any CPU
		{DB8207B2-D889-4D17-809D-A9077385D4D3}.Release|Any CPU.ActiveCfg = Release|Any CPU
		{DB8207B2-D889-4D17-809D-A9077385D4D3}.Release|Any CPU.Build.0 = Release|Any CPU
		{862F8FBE-92D5-4CD1-A9D6-330A625736D2}.Debug|Any CPU.ActiveCfg = Debug|Any CPU
		{862F8FBE-92D5-4CD1-A9D6-330A625736D2}.Debug|Any CPU.Build.0 = Debug|Any CPU
		{862F8FBE-92D5-4CD1-A9D6-330A625736D2}.Release|Any CPU.ActiveCfg = Release|Any CPU
		{862F8FBE-92D5-4CD1-A9D6-330A625736D2}.Release|Any CPU.Build.0 = Release|Any CPU
		{7F4DA43B-544A-43D0-80C3-0FC5895BCCC8}.Debug|Any CPU.ActiveCfg = Debug|Any CPU
		{7F4DA43B-544A-43D0-80C3-0FC5895BCCC8}.Debug|Any CPU.Build.0 = Debug|Any CPU
		{7F4DA43B-544A-43D0-80C3-0FC5895BCCC8}.Release|Any CPU.ActiveCfg = Release|Any CPU
		{7F4DA43B-544A-43D0-80C3-0FC5895BCCC8}.Release|Any CPU.Build.0 = Release|Any CPU
		{1F6EA806-AA75-47D1-8FCC-73AB3B9203E3}.Debug|Any CPU.ActiveCfg = Debug|Any CPU
		{1F6EA806-AA75-47D1-8FCC-73AB3B9203E3}.Debug|Any CPU.Build.0 = Debug|Any CPU
		{1F6EA806-AA75-47D1-8FCC-73AB3B9203E3}.Release|Any CPU.ActiveCfg = Release|Any CPU
		{1F6EA806-AA75-47D1-8FCC-73AB3B9203E3}.Release|Any CPU.Build.0 = Release|Any CPU
		{E7FEDF8E-8573-42A7-A591-4F902EADE9A4}.Debug|Any CPU.ActiveCfg = Debug|Any CPU
		{E7FEDF8E-8573-42A7-A591-4F902EADE9A4}.Debug|Any CPU.Build.0 = Debug|Any CPU
		{E7FEDF8E-8573-42A7-A591-4F902EADE9A4}.Release|Any CPU.ActiveCfg = Release|Any CPU
		{E7FEDF8E-8573-42A7-A591-4F902EADE9A4}.Release|Any CPU.Build.0 = Release|Any CPU
		{326DC61E-9992-4ADE-8B78-789EC6983367}.Debug|Any CPU.ActiveCfg = Debug|Any CPU
		{326DC61E-9992-4ADE-8B78-789EC6983367}.Debug|Any CPU.Build.0 = Debug|Any CPU
		{326DC61E-9992-4ADE-8B78-789EC6983367}.Release|Any CPU.ActiveCfg = Release|Any CPU
		{326DC61E-9992-4ADE-8B78-789EC6983367}.Release|Any CPU.Build.0 = Release|Any CPU
		{7888E7D8-1AAE-4224-98E8-C3C9136E26BD}.Debug|Any CPU.ActiveCfg = Debug|Any CPU
		{7888E7D8-1AAE-4224-98E8-C3C9136E26BD}.Debug|Any CPU.Build.0 = Debug|Any CPU
		{7888E7D8-1AAE-4224-98E8-C3C9136E26BD}.Release|Any CPU.ActiveCfg = Release|Any CPU
		{7888E7D8-1AAE-4224-98E8-C3C9136E26BD}.Release|Any CPU.Build.0 = Release|Any CPU
		{EEFA7E17-5C9C-4A33-885B-67118F0114FE}.Debug|Any CPU.ActiveCfg = Debug|Any CPU
		{EEFA7E17-5C9C-4A33-885B-67118F0114FE}.Debug|Any CPU.Build.0 = Debug|Any CPU
		{EEFA7E17-5C9C-4A33-885B-67118F0114FE}.Release|Any CPU.ActiveCfg = Release|Any CPU
		{EEFA7E17-5C9C-4A33-885B-67118F0114FE}.Release|Any CPU.Build.0 = Release|Any CPU
		{B229C972-B424-4C9B-968B-6F3DC5130607}.Debug|Any CPU.ActiveCfg = Debug|Any CPU
		{B229C972-B424-4C9B-968B-6F3DC5130607}.Debug|Any CPU.Build.0 = Debug|Any CPU
		{B229C972-B424-4C9B-968B-6F3DC5130607}.Release|Any CPU.ActiveCfg = Release|Any CPU
		{B229C972-B424-4C9B-968B-6F3DC5130607}.Release|Any CPU.Build.0 = Release|Any CPU
		{6D7CACC8-2BE5-435F-AB00-74B57213165C}.Debug|Any CPU.ActiveCfg = Debug|Any CPU
		{6D7CACC8-2BE5-435F-AB00-74B57213165C}.Debug|Any CPU.Build.0 = Debug|Any CPU
		{6D7CACC8-2BE5-435F-AB00-74B57213165C}.Release|Any CPU.ActiveCfg = Release|Any CPU
		{6D7CACC8-2BE5-435F-AB00-74B57213165C}.Release|Any CPU.Build.0 = Release|Any CPU
		{EE053ED7-FE9B-4BEB-87C4-9AA3635F0601}.Debug|Any CPU.ActiveCfg = Debug|Any CPU
		{EE053ED7-FE9B-4BEB-87C4-9AA3635F0601}.Debug|Any CPU.Build.0 = Debug|Any CPU
		{EE053ED7-FE9B-4BEB-87C4-9AA3635F0601}.Release|Any CPU.ActiveCfg = Release|Any CPU
		{EE053ED7-FE9B-4BEB-87C4-9AA3635F0601}.Release|Any CPU.Build.0 = Release|Any CPU
		{AD4766C0-EE3B-43EC-B0D0-1941A40B955D}.Debug|Any CPU.ActiveCfg = Debug|Any CPU
		{AD4766C0-EE3B-43EC-B0D0-1941A40B955D}.Debug|Any CPU.Build.0 = Debug|Any CPU
		{AD4766C0-EE3B-43EC-B0D0-1941A40B955D}.Release|Any CPU.ActiveCfg = Release|Any CPU
		{AD4766C0-EE3B-43EC-B0D0-1941A40B955D}.Release|Any CPU.Build.0 = Release|Any CPU
		{35A1B026-8B82-4C0A-9466-8E9F9749D2EC}.Debug|Any CPU.ActiveCfg = Debug|Any CPU
		{35A1B026-8B82-4C0A-9466-8E9F9749D2EC}.Debug|Any CPU.Build.0 = Debug|Any CPU
		{35A1B026-8B82-4C0A-9466-8E9F9749D2EC}.Release|Any CPU.ActiveCfg = Release|Any CPU
		{35A1B026-8B82-4C0A-9466-8E9F9749D2EC}.Release|Any CPU.Build.0 = Release|Any CPU
		{EB71EE01-FD20-442A-8F8C-4C3E5EF25818}.Debug|Any CPU.ActiveCfg = Debug|Any CPU
		{EB71EE01-FD20-442A-8F8C-4C3E5EF25818}.Debug|Any CPU.Build.0 = Debug|Any CPU
		{EB71EE01-FD20-442A-8F8C-4C3E5EF25818}.Release|Any CPU.ActiveCfg = Release|Any CPU
		{EB71EE01-FD20-442A-8F8C-4C3E5EF25818}.Release|Any CPU.Build.0 = Release|Any CPU
		{C83549B3-6F59-4598-A08A-EAA27AB28213}.Debug|Any CPU.ActiveCfg = Debug|Any CPU
		{C83549B3-6F59-4598-A08A-EAA27AB28213}.Debug|Any CPU.Build.0 = Debug|Any CPU
		{C83549B3-6F59-4598-A08A-EAA27AB28213}.Release|Any CPU.ActiveCfg = Release|Any CPU
		{C83549B3-6F59-4598-A08A-EAA27AB28213}.Release|Any CPU.Build.0 = Release|Any CPU
		{8A460DD3-C58E-4624-B04F-7BA59B96F4C6}.Debug|Any CPU.ActiveCfg = Debug|Any CPU
		{8A460DD3-C58E-4624-B04F-7BA59B96F4C6}.Debug|Any CPU.Build.0 = Debug|Any CPU
		{8A460DD3-C58E-4624-B04F-7BA59B96F4C6}.Release|Any CPU.ActiveCfg = Release|Any CPU
		{8A460DD3-C58E-4624-B04F-7BA59B96F4C6}.Release|Any CPU.Build.0 = Release|Any CPU
		{D8E7D898-1C16-42E8-97FD-9C077AC8D7CC}.Debug|Any CPU.ActiveCfg = Debug|Any CPU
		{D8E7D898-1C16-42E8-97FD-9C077AC8D7CC}.Debug|Any CPU.Build.0 = Debug|Any CPU
		{D8E7D898-1C16-42E8-97FD-9C077AC8D7CC}.Release|Any CPU.ActiveCfg = Release|Any CPU
		{D8E7D898-1C16-42E8-97FD-9C077AC8D7CC}.Release|Any CPU.Build.0 = Release|Any CPU
		{12B3135C-D828-4B7B-A71A-BB1967CB5852}.Debug|Any CPU.ActiveCfg = Debug|Any CPU
		{12B3135C-D828-4B7B-A71A-BB1967CB5852}.Debug|Any CPU.Build.0 = Debug|Any CPU
		{12B3135C-D828-4B7B-A71A-BB1967CB5852}.Release|Any CPU.ActiveCfg = Release|Any CPU
		{12B3135C-D828-4B7B-A71A-BB1967CB5852}.Release|Any CPU.Build.0 = Release|Any CPU
		{B9705DE9-0AEB-42D7-B4BA-5282F879EA4E}.Debug|Any CPU.ActiveCfg = Debug|Any CPU
		{B9705DE9-0AEB-42D7-B4BA-5282F879EA4E}.Debug|Any CPU.Build.0 = Debug|Any CPU
		{B9705DE9-0AEB-42D7-B4BA-5282F879EA4E}.Release|Any CPU.ActiveCfg = Release|Any CPU
		{B9705DE9-0AEB-42D7-B4BA-5282F879EA4E}.Release|Any CPU.Build.0 = Release|Any CPU
	EndGlobalSection
	GlobalSection(NestedProjects) = preSolution
		{B9705DE9-0AEB-42D7-B4BA-5282F879EA4E} = {49522E48-B8CF-4A33-9057-DD337E6A012F}
		{12B3135C-D828-4B7B-A71A-BB1967CB5852} = {49522E48-B8CF-4A33-9057-DD337E6A012F}
		{D8E7D898-1C16-42E8-97FD-9C077AC8D7CC} = {49522E48-B8CF-4A33-9057-DD337E6A012F}
		{8A460DD3-C58E-4624-B04F-7BA59B96F4C6} = {49522E48-B8CF-4A33-9057-DD337E6A012F}
		{C83549B3-6F59-4598-A08A-EAA27AB28213} = {49522E48-B8CF-4A33-9057-DD337E6A012F}
		{49522E48-B8CF-4A33-9057-DD337E6A012F} = {1B73FC4E-4F48-467F-97D7-52955E755E95}
		{EB71EE01-FD20-442A-8F8C-4C3E5EF25818} = {70DC583B-3ACE-494B-A2E4-A851492EDB41}
		{35A1B026-8B82-4C0A-9466-8E9F9749D2EC} = {53816411-9E36-425C-87E8-232B154732AC}
		{6D7CACC8-2BE5-435F-AB00-74B57213165C} = {53816411-9E36-425C-87E8-232B154732AC}
		{EE053ED7-FE9B-4BEB-87C4-9AA3635F0601} = {53816411-9E36-425C-87E8-232B154732AC}
		{AD4766C0-EE3B-43EC-B0D0-1941A40B955D} = {53816411-9E36-425C-87E8-232B154732AC}
		{B229C972-B424-4C9B-968B-6F3DC5130607} = {53816411-9E36-425C-87E8-232B154732AC}
		{EEFA7E17-5C9C-4A33-885B-67118F0114FE} = {6B90CE15-1329-4E5D-8C7B-A08F81E0853B}
		{7888E7D8-1AAE-4224-98E8-C3C9136E26BD} = {6B90CE15-1329-4E5D-8C7B-A08F81E0853B}
		{326DC61E-9992-4ADE-8B78-789EC6983367} = {C5A18BF0-3D57-4C98-8191-EA4C53F24E55}
		{E7FEDF8E-8573-42A7-A591-4F902EADE9A4} = {C5A18BF0-3D57-4C98-8191-EA4C53F24E55}
		{1F6EA806-AA75-47D1-8FCC-73AB3B9203E3} = {C5A18BF0-3D57-4C98-8191-EA4C53F24E55}
		{7F4DA43B-544A-43D0-80C3-0FC5895BCCC8} = {C5A18BF0-3D57-4C98-8191-EA4C53F24E55}
		{862F8FBE-92D5-4CD1-A9D6-330A625736D2} = {AF051439-3687-4077-96A9-FA4DDD463125}
		{DB8207B2-D889-4D17-809D-A9077385D4D3} = {AF051439-3687-4077-96A9-FA4DDD463125}
		{FDC923D1-08D2-492F-8773-FC4E897FC46F} = {AF051439-3687-4077-96A9-FA4DDD463125}
		{A506AF7F-EBD5-4B85-9F41-8090F389BE3D} = {AF051439-3687-4077-96A9-FA4DDD463125}
		{F7E692FF-1368-4154-832E-FD0BD5FE0382} = {3FEAA93C-F45D-4264-AEDC-D80EA8707C59}
		{0AD0C3F6-0E74-481C-858A-FE938022A400} = {3FEAA93C-F45D-4264-AEDC-D80EA8707C59}
		{20F03240-1B90-4EFB-9434-0F2C299B2A0C} = {70DC583B-3ACE-494B-A2E4-A851492EDB41}
		{C90F5F74-5B6A-4646-9D23-557CEB96B776} = {70DC583B-3ACE-494B-A2E4-A851492EDB41}
		{D5B89C89-AC83-483C-9BA7-4833FDCACAE4} = {70DC583B-3ACE-494B-A2E4-A851492EDB41}
		{CD8519D2-15C5-49A5-9B35-670F5648BAEB} = {70DC583B-3ACE-494B-A2E4-A851492EDB41}
		{66A31910-1ECF-498B-99B4-F8F574AAFAB5} = {70DC583B-3ACE-494B-A2E4-A851492EDB41}
		{D6654055-2B7B-457B-BF93-4B40B8D449B1} = {70DC583B-3ACE-494B-A2E4-A851492EDB41}
		{28339D53-D694-4CA4-8B34-25FEA0D786E9} = {70DC583B-3ACE-494B-A2E4-A851492EDB41}
		{4EE3CEE3-9EF0-4CCB-944F-1DBF18C0BDB8} = {70DC583B-3ACE-494B-A2E4-A851492EDB41}
		{327B1A95-FBF0-477D-A01E-4F74EA60DE63} = {70DC583B-3ACE-494B-A2E4-A851492EDB41}
		{201F8D47-D8FB-480D-A2D4-BB681B1AD8A1} = {70DC583B-3ACE-494B-A2E4-A851492EDB41}
		{728CDB48-ACB5-44EB-A1B2-DE6F0F94FA3B} = {3FEAA93C-F45D-4264-AEDC-D80EA8707C59}
		{467657C0-2399-4718-BF6D-A2ED626F61B1} = {3FEAA93C-F45D-4264-AEDC-D80EA8707C59}
		{6B90CE15-1329-4E5D-8C7B-A08F81E0853B} = {1B73FC4E-4F48-467F-97D7-52955E755E95}
		{C5A18BF0-3D57-4C98-8191-EA4C53F24E55} = {1B73FC4E-4F48-467F-97D7-52955E755E95}
		{AF051439-3687-4077-96A9-FA4DDD463125} = {1B73FC4E-4F48-467F-97D7-52955E755E95}
		{3FEAA93C-F45D-4264-AEDC-D80EA8707C59} = {1B73FC4E-4F48-467F-97D7-52955E755E95}
		{7ED618F4-9390-4BCE-81EF-155BB292C541} = {6B90CE15-1329-4E5D-8C7B-A08F81E0853B}
		{82F90595-3485-402F-B289-5280B790CA09} = {70DC583B-3ACE-494B-A2E4-A851492EDB41}
		{89CBD3E7-C3E7-4596-952C-C4FD3D518958} = {70DC583B-3ACE-494B-A2E4-A851492EDB41}
		{53816411-9E36-425C-87E8-232B154732AC} = {1B73FC4E-4F48-467F-97D7-52955E755E95}
	EndGlobalSection
EndGlobal
