
Microsoft Visual Studio Solution File, Format Version 12.00
# Visual Studio Version 16
VisualStudioVersion = 16.0.30114.105
MinimumVisualStudioVersion = 10.0.40219.1
Project("{FAE04EC0-301F-11D3-BF4B-00C04F79EFBC}") = "Example001_HelloConsole", "Example001_HelloConsole\Example001_HelloConsole.csproj", "{89CBD3E7-C3E7-4596-952C-C4FD3D518958}"
EndProject
Project("{2150E333-8FDC-42A3-9474-1A3956D46DE8}") = "Examples", "Examples", "{70DC583B-3ACE-494B-A2E4-A851492EDB41}"
EndProject
Project("{FAE04EC0-301F-11D3-BF4B-00C04F79EFBC}") = "Example002_HelloUser", "Example002_HelloUser\Example002_HelloUser.csproj", "{82F90595-3485-402F-B289-5280B790CA09}"
EndProject
Project("{FAE04EC0-301F-11D3-BF4B-00C04F79EFBC}") = "work430", "work430\work430.csproj", "{7ED618F4-9390-4BCE-81EF-155BB292C541}"
EndProject
Project("{2150E333-8FDC-42A3-9474-1A3956D46DE8}") = "Seminars", "Seminars", "{1B73FC4E-4F48-467F-97D7-52955E755E95}"
EndProject
Project("{2150E333-8FDC-42A3-9474-1A3956D46DE8}") = "Seminar01", "Seminar01", "{3FEAA93C-F45D-4264-AEDC-D80EA8707C59}"
EndProject
Project("{2150E333-8FDC-42A3-9474-1A3956D46DE8}") = "Seminar02", "Seminar02", "{AF051439-3687-4077-96A9-FA4DDD463125}"
EndProject
Project("{2150E333-8FDC-42A3-9474-1A3956D46DE8}") = "Seminar03", "Seminar03", "{C5A18BF0-3D57-4C98-8191-EA4C53F24E55}"
EndProject
Project("{2150E333-8FDC-42A3-9474-1A3956D46DE8}") = "Seminar04", "Seminar04", "{6B90CE15-1329-4E5D-8C7B-A08F81E0853B}"
EndProject
Project("{FAE04EC0-301F-11D3-BF4B-00C04F79EFBC}") = "work001", "work001\work001.csproj", "{467657C0-2399-4718-BF6D-A2ED626F61B1}"
EndProject
Project("{FAE04EC0-301F-11D3-BF4B-00C04F79EFBC}") = "work002", "work002\work002.csproj", "{728CDB48-ACB5-44EB-A1B2-DE6F0F94FA3B}"
EndProject
Project("{2150E333-8FDC-42A3-9474-1A3956D46DE8}") = "Seminar05", "Seminar05", "{B6D8C253-0E6C-4E3C-9474-4CB27845CB2C}"
EndProject
Project("{FAE04EC0-301F-11D3-BF4B-00C04F79EFBC}") = "Work500", "Work500\Work500.csproj", "{175E5091-F82F-4D72-BD03-E35926435369}"
EndProject
Project("{FAE04EC0-301F-11D3-BF4B-00C04F79EFBC}") = "Example003_Sum", "Example003_Sum\Example003_Sum.csproj", "{201F8D47-D8FB-480D-A2D4-BB681B1AD8A1}"
EndProject
Project("{FAE04EC0-301F-11D3-BF4B-00C04F79EFBC}") = "Example003_Div", "Example004_Div\Example003_Div.csproj", "{F9FFC889-73FC-4478-B7A5-FC388C2CEEA3}"
EndProject
Project("{FAE04EC0-301F-11D3-BF4B-00C04F79EFBC}") = "Example005_ConditionIfElse", "Example005_ConditionIfElse\Example005_ConditionIfElse.csproj", "{327B1A95-FBF0-477D-A01E-4F74EA60DE63}"
EndProject
Project("{FAE04EC0-301F-11D3-BF4B-00C04F79EFBC}") = "Example006_Base", "Example006_Base\Example006_Base.csproj", "{4EE3CEE3-9EF0-4CCB-944F-1DBF18C0BDB8}"
EndProject
Project("{FAE04EC0-301F-11D3-BF4B-00C04F79EFBC}") = "Example007_Magic", "Example007_Magic\Example007_Magic.csproj", "{28339D53-D694-4CA4-8B34-25FEA0D786E9}"
EndProject
Project("{FAE04EC0-301F-11D3-BF4B-00C04F79EFBC}") = "Example008_IntroMethod", "Example008_IntroMethod\Example008_IntroMethod.csproj", "{D6654055-2B7B-457B-BF93-4B40B8D449B1}"
EndProject
Project("{FAE04EC0-301F-11D3-BF4B-00C04F79EFBC}") = "Example009_IntroArray", "Example009_IntroArray\Example009_IntroArray.csproj", "{66A31910-1ECF-498B-99B4-F8F574AAFAB5}"
EndProject
Project("{FAE04EC0-301F-11D3-BF4B-00C04F79EFBC}") = "Example010_MethodArray", "Example010_MethodArray\Example010_MethodArray.csproj", "{CD8519D2-15C5-49A5-9B35-670F5648BAEB}"
EndProject
Project("{FAE04EC0-301F-11D3-BF4B-00C04F79EFBC}") = "Example011_ArrayLibrary", "Example011_ArrayLibrary\Example011_ArrayLibrary.csproj", "{D5B89C89-AC83-483C-9BA7-4833FDCACAE4}"
EndProject
Project("{FAE04EC0-301F-11D3-BF4B-00C04F79EFBC}") = "Example012_Methods", "Example012_Methods\Example012_Methods.csproj", "{C90F5F74-5B6A-4646-9D23-557CEB96B776}"
EndProject
Project("{FAE04EC0-301F-11D3-BF4B-00C04F79EFBC}") = "Example004_Div", "Example004_Div\Example004_Div.csproj", "{20F03240-1B90-4EFB-9434-0F2C299B2A0C}"
EndProject
Global
	GlobalSection(SolutionConfigurationPlatforms) = preSolution
		Debug|Any CPU = Debug|Any CPU
		Release|Any CPU = Release|Any CPU
	EndGlobalSection
	GlobalSection(SolutionProperties) = preSolution
		HideSolutionNode = FALSE
	EndGlobalSection
	GlobalSection(ProjectConfigurationPlatforms) = postSolution
		{89CBD3E7-C3E7-4596-952C-C4FD3D518958}.Debug|Any CPU.ActiveCfg = Debug|Any CPU
		{89CBD3E7-C3E7-4596-952C-C4FD3D518958}.Debug|Any CPU.Build.0 = Debug|Any CPU
		{89CBD3E7-C3E7-4596-952C-C4FD3D518958}.Release|Any CPU.ActiveCfg = Release|Any CPU
		{89CBD3E7-C3E7-4596-952C-C4FD3D518958}.Release|Any CPU.Build.0 = Release|Any CPU
		{82F90595-3485-402F-B289-5280B790CA09}.Debug|Any CPU.ActiveCfg = Debug|Any CPU
		{82F90595-3485-402F-B289-5280B790CA09}.Debug|Any CPU.Build.0 = Debug|Any CPU
		{82F90595-3485-402F-B289-5280B790CA09}.Release|Any CPU.ActiveCfg = Release|Any CPU
		{82F90595-3485-402F-B289-5280B790CA09}.Release|Any CPU.Build.0 = Release|Any CPU
		{7ED618F4-9390-4BCE-81EF-155BB292C541}.Debug|Any CPU.ActiveCfg = Debug|Any CPU
		{7ED618F4-9390-4BCE-81EF-155BB292C541}.Debug|Any CPU.Build.0 = Debug|Any CPU
		{7ED618F4-9390-4BCE-81EF-155BB292C541}.Release|Any CPU.ActiveCfg = Release|Any CPU
		{7ED618F4-9390-4BCE-81EF-155BB292C541}.Release|Any CPU.Build.0 = Release|Any CPU
		{467657C0-2399-4718-BF6D-A2ED626F61B1}.Debug|Any CPU.ActiveCfg = Debug|Any CPU
		{467657C0-2399-4718-BF6D-A2ED626F61B1}.Debug|Any CPU.Build.0 = Debug|Any CPU
		{467657C0-2399-4718-BF6D-A2ED626F61B1}.Release|Any CPU.ActiveCfg = Release|Any CPU
		{467657C0-2399-4718-BF6D-A2ED626F61B1}.Release|Any CPU.Build.0 = Release|Any CPU
		{728CDB48-ACB5-44EB-A1B2-DE6F0F94FA3B}.Debug|Any CPU.ActiveCfg = Debug|Any CPU
		{728CDB48-ACB5-44EB-A1B2-DE6F0F94FA3B}.Debug|Any CPU.Build.0 = Debug|Any CPU
		{728CDB48-ACB5-44EB-A1B2-DE6F0F94FA3B}.Release|Any CPU.ActiveCfg = Release|Any CPU
		{728CDB48-ACB5-44EB-A1B2-DE6F0F94FA3B}.Release|Any CPU.Build.0 = Release|Any CPU
		{175E5091-F82F-4D72-BD03-E35926435369}.Debug|Any CPU.ActiveCfg = Debug|Any CPU
		{175E5091-F82F-4D72-BD03-E35926435369}.Debug|Any CPU.Build.0 = Debug|Any CPU
		{175E5091-F82F-4D72-BD03-E35926435369}.Release|Any CPU.ActiveCfg = Release|Any CPU
		{175E5091-F82F-4D72-BD03-E35926435369}.Release|Any CPU.Build.0 = Release|Any CPU
		{201F8D47-D8FB-480D-A2D4-BB681B1AD8A1}.Debug|Any CPU.ActiveCfg = Debug|Any CPU
		{201F8D47-D8FB-480D-A2D4-BB681B1AD8A1}.Debug|Any CPU.Build.0 = Debug|Any CPU
		{201F8D47-D8FB-480D-A2D4-BB681B1AD8A1}.Release|Any CPU.ActiveCfg = Release|Any CPU
		{201F8D47-D8FB-480D-A2D4-BB681B1AD8A1}.Release|Any CPU.Build.0 = Release|Any CPU
		{F9FFC889-73FC-4478-B7A5-FC388C2CEEA3}.Debug|Any CPU.ActiveCfg = Debug|Any CPU
		{F9FFC889-73FC-4478-B7A5-FC388C2CEEA3}.Debug|Any CPU.Build.0 = Debug|Any CPU
		{F9FFC889-73FC-4478-B7A5-FC388C2CEEA3}.Release|Any CPU.ActiveCfg = Release|Any CPU
		{F9FFC889-73FC-4478-B7A5-FC388C2CEEA3}.Release|Any CPU.Build.0 = Release|Any CPU
		{327B1A95-FBF0-477D-A01E-4F74EA60DE63}.Debug|Any CPU.ActiveCfg = Debug|Any CPU
		{327B1A95-FBF0-477D-A01E-4F74EA60DE63}.Debug|Any CPU.Build.0 = Debug|Any CPU
		{327B1A95-FBF0-477D-A01E-4F74EA60DE63}.Release|Any CPU.ActiveCfg = Release|Any CPU
		{327B1A95-FBF0-477D-A01E-4F74EA60DE63}.Release|Any CPU.Build.0 = Release|Any CPU
		{4EE3CEE3-9EF0-4CCB-944F-1DBF18C0BDB8}.Debug|Any CPU.ActiveCfg = Debug|Any CPU
		{4EE3CEE3-9EF0-4CCB-944F-1DBF18C0BDB8}.Debug|Any CPU.Build.0 = Debug|Any CPU
		{4EE3CEE3-9EF0-4CCB-944F-1DBF18C0BDB8}.Release|Any CPU.ActiveCfg = Release|Any CPU
		{4EE3CEE3-9EF0-4CCB-944F-1DBF18C0BDB8}.Release|Any CPU.Build.0 = Release|Any CPU
		{28339D53-D694-4CA4-8B34-25FEA0D786E9}.Debug|Any CPU.ActiveCfg = Debug|Any CPU
		{28339D53-D694-4CA4-8B34-25FEA0D786E9}.Debug|Any CPU.Build.0 = Debug|Any CPU
		{28339D53-D694-4CA4-8B34-25FEA0D786E9}.Release|Any CPU.ActiveCfg = Release|Any CPU
		{28339D53-D694-4CA4-8B34-25FEA0D786E9}.Release|Any CPU.Build.0 = Release|Any CPU
		{D6654055-2B7B-457B-BF93-4B40B8D449B1}.Debug|Any CPU.ActiveCfg = Debug|Any CPU
		{D6654055-2B7B-457B-BF93-4B40B8D449B1}.Debug|Any CPU.Build.0 = Debug|Any CPU
		{D6654055-2B7B-457B-BF93-4B40B8D449B1}.Release|Any CPU.ActiveCfg = Release|Any CPU
		{D6654055-2B7B-457B-BF93-4B40B8D449B1}.Release|Any CPU.Build.0 = Release|Any CPU
		{66A31910-1ECF-498B-99B4-F8F574AAFAB5}.Debug|Any CPU.ActiveCfg = Debug|Any CPU
		{66A31910-1ECF-498B-99B4-F8F574AAFAB5}.Debug|Any CPU.Build.0 = Debug|Any CPU
		{66A31910-1ECF-498B-99B4-F8F574AAFAB5}.Release|Any CPU.ActiveCfg = Release|Any CPU
		{66A31910-1ECF-498B-99B4-F8F574AAFAB5}.Release|Any CPU.Build.0 = Release|Any CPU
		{CD8519D2-15C5-49A5-9B35-670F5648BAEB}.Debug|Any CPU.ActiveCfg = Debug|Any CPU
		{CD8519D2-15C5-49A5-9B35-670F5648BAEB}.Debug|Any CPU.Build.0 = Debug|Any CPU
		{CD8519D2-15C5-49A5-9B35-670F5648BAEB}.Release|Any CPU.ActiveCfg = Release|Any CPU
		{CD8519D2-15C5-49A5-9B35-670F5648BAEB}.Release|Any CPU.Build.0 = Release|Any CPU
		{D5B89C89-AC83-483C-9BA7-4833FDCACAE4}.Debug|Any CPU.ActiveCfg = Debug|Any CPU
		{D5B89C89-AC83-483C-9BA7-4833FDCACAE4}.Debug|Any CPU.Build.0 = Debug|Any CPU
		{D5B89C89-AC83-483C-9BA7-4833FDCACAE4}.Release|Any CPU.ActiveCfg = Release|Any CPU
		{D5B89C89-AC83-483C-9BA7-4833FDCACAE4}.Release|Any CPU.Build.0 = Release|Any CPU
		{C90F5F74-5B6A-4646-9D23-557CEB96B776}.Debug|Any CPU.ActiveCfg = Debug|Any CPU
		{C90F5F74-5B6A-4646-9D23-557CEB96B776}.Debug|Any CPU.Build.0 = Debug|Any CPU
		{C90F5F74-5B6A-4646-9D23-557CEB96B776}.Release|Any CPU.ActiveCfg = Release|Any CPU
		{C90F5F74-5B6A-4646-9D23-557CEB96B776}.Release|Any CPU.Build.0 = Release|Any CPU
		{20F03240-1B90-4EFB-9434-0F2C299B2A0C}.Debug|Any CPU.ActiveCfg = Debug|Any CPU
		{20F03240-1B90-4EFB-9434-0F2C299B2A0C}.Debug|Any CPU.Build.0 = Debug|Any CPU
		{20F03240-1B90-4EFB-9434-0F2C299B2A0C}.Release|Any CPU.ActiveCfg = Release|Any CPU
		{20F03240-1B90-4EFB-9434-0F2C299B2A0C}.Release|Any CPU.Build.0 = Release|Any CPU
	EndGlobalSection
	GlobalSection(NestedProjects) = preSolution
		{20F03240-1B90-4EFB-9434-0F2C299B2A0C} = {70DC583B-3ACE-494B-A2E4-A851492EDB41}
		{C90F5F74-5B6A-4646-9D23-557CEB96B776} = {70DC583B-3ACE-494B-A2E4-A851492EDB41}
		{D5B89C89-AC83-483C-9BA7-4833FDCACAE4} = {70DC583B-3ACE-494B-A2E4-A851492EDB41}
		{CD8519D2-15C5-49A5-9B35-670F5648BAEB} = {70DC583B-3ACE-494B-A2E4-A851492EDB41}
		{66A31910-1ECF-498B-99B4-F8F574AAFAB5} = {70DC583B-3ACE-494B-A2E4-A851492EDB41}
		{D6654055-2B7B-457B-BF93-4B40B8D449B1} = {70DC583B-3ACE-494B-A2E4-A851492EDB41}
		{28339D53-D694-4CA4-8B34-25FEA0D786E9} = {70DC583B-3ACE-494B-A2E4-A851492EDB41}
		{4EE3CEE3-9EF0-4CCB-944F-1DBF18C0BDB8} = {70DC583B-3ACE-494B-A2E4-A851492EDB41}
		{327B1A95-FBF0-477D-A01E-4F74EA60DE63} = {70DC583B-3ACE-494B-A2E4-A851492EDB41}
		{201F8D47-D8FB-480D-A2D4-BB681B1AD8A1} = {70DC583B-3ACE-494B-A2E4-A851492EDB41}
		{F9FFC889-73FC-4478-B7A5-FC388C2CEEA3} = {70DC583B-3ACE-494B-A2E4-A851492EDB41}
		{175E5091-F82F-4D72-BD03-E35926435369} = {B6D8C253-0E6C-4E3C-9474-4CB27845CB2C}
		{B6D8C253-0E6C-4E3C-9474-4CB27845CB2C} = {1B73FC4E-4F48-467F-97D7-52955E755E95}
		{728CDB48-ACB5-44EB-A1B2-DE6F0F94FA3B} = {3FEAA93C-F45D-4264-AEDC-D80EA8707C59}
		{467657C0-2399-4718-BF6D-A2ED626F61B1} = {3FEAA93C-F45D-4264-AEDC-D80EA8707C59}
		{6B90CE15-1329-4E5D-8C7B-A08F81E0853B} = {1B73FC4E-4F48-467F-97D7-52955E755E95}
		{C5A18BF0-3D57-4C98-8191-EA4C53F24E55} = {1B73FC4E-4F48-467F-97D7-52955E755E95}
		{AF051439-3687-4077-96A9-FA4DDD463125} = {1B73FC4E-4F48-467F-97D7-52955E755E95}
		{3FEAA93C-F45D-4264-AEDC-D80EA8707C59} = {1B73FC4E-4F48-467F-97D7-52955E755E95}
		{7ED618F4-9390-4BCE-81EF-155BB292C541} = {6B90CE15-1329-4E5D-8C7B-A08F81E0853B}
		{82F90595-3485-402F-B289-5280B790CA09} = {70DC583B-3ACE-494B-A2E4-A851492EDB41}
		{89CBD3E7-C3E7-4596-952C-C4FD3D518958} = {70DC583B-3ACE-494B-A2E4-A851492EDB41}
	EndGlobalSection
EndGlobal
