
Microsoft Visual Studio Solution File, Format Version 12.00
# Visual Studio Version 16
VisualStudioVersion = 16.0.30114.105
MinimumVisualStudioVersion = 10.0.40219.1
Project("{FAE04EC0-301F-11D3-BF4B-00C04F79EFBC}") = "Example001_HelloConsole", "Example001_HelloConsole\Example001_HelloConsole.csproj", "{89CBD3E7-C3E7-4596-952C-C4FD3D518958}"
EndProject
Project("{2150E333-8FDC-42A3-9474-1A3956D46DE8}") = "Examples", "Examples", "{70DC583B-3ACE-494B-A2E4-A851492EDB41}"
EndProject
Project("{FAE04EC0-301F-11D3-BF4B-00C04F79EFBC}") = "Example002_HelloUser", "Example002_HelloUser\Example002_HelloUser.csproj", "{82F90595-3485-402F-B289-5280B790CA09}"
EndProject
Project("{FAE04EC0-301F-11D3-BF4B-00C04F79EFBC}") = "work430", "work430\work430.csproj", "{7ED618F4-9390-4BCE-81EF-155BB292C541}"
EndProject
Project("{2150E333-8FDC-42A3-9474-1A3956D46DE8}") = "Seminars", "Seminars", "{1B73FC4E-4F48-467F-97D7-52955E755E95}"
EndProject
Project("{2150E333-8FDC-42A3-9474-1A3956D46DE8}") = "Seminar01", "Seminar01", "{3FEAA93C-F45D-4264-AEDC-D80EA8707C59}"
EndProject
Project("{2150E333-8FDC-42A3-9474-1A3956D46DE8}") = "Seminar02", "Seminar02", "{AF051439-3687-4077-96A9-FA4DDD463125}"
EndProject
Project("{2150E333-8FDC-42A3-9474-1A3956D46DE8}") = "Seminar03", "Seminar03", "{C5A18BF0-3D57-4C98-8191-EA4C53F24E55}"
EndProject
Project("{2150E333-8FDC-42A3-9474-1A3956D46DE8}") = "Seminar04", "Seminar04", "{6B90CE15-1329-4E5D-8C7B-A08F81E0853B}"
EndProject
Project("{FAE04EC0-301F-11D3-BF4B-00C04F79EFBC}") = "work001", "work001\work001.csproj", "{467657C0-2399-4718-BF6D-A2ED626F61B1}"
EndProject
Project("{FAE04EC0-301F-11D3-BF4B-00C04F79EFBC}") = "work002", "work002\work002.csproj", "{728CDB48-ACB5-44EB-A1B2-DE6F0F94FA3B}"
EndProject
Global
	GlobalSection(SolutionConfigurationPlatforms) = preSolution
		Debug|Any CPU = Debug|Any CPU
		Release|Any CPU = Release|Any CPU
	EndGlobalSection
	GlobalSection(SolutionProperties) = preSolution
		HideSolutionNode = FALSE
	EndGlobalSection
	GlobalSection(ProjectConfigurationPlatforms) = postSolution
		{89CBD3E7-C3E7-4596-952C-C4FD3D518958}.Debug|Any CPU.ActiveCfg = Debug|Any CPU
		{89CBD3E7-C3E7-4596-952C-C4FD3D518958}.Debug|Any CPU.Build.0 = Debug|Any CPU
		{89CBD3E7-C3E7-4596-952C-C4FD3D518958}.Release|Any CPU.ActiveCfg = Release|Any CPU
		{89CBD3E7-C3E7-4596-952C-C4FD3D518958}.Release|Any CPU.Build.0 = Release|Any CPU
		{82F90595-3485-402F-B289-5280B790CA09}.Debug|Any CPU.ActiveCfg = Debug|Any CPU
		{82F90595-3485-402F-B289-5280B790CA09}.Debug|Any CPU.Build.0 = Debug|Any CPU
		{82F90595-3485-402F-B289-5280B790CA09}.Release|Any CPU.ActiveCfg = Release|Any CPU
		{82F90595-3485-402F-B289-5280B790CA09}.Release|Any CPU.Build.0 = Release|Any CPU
		{7ED618F4-9390-4BCE-81EF-155BB292C541}.Debug|Any CPU.ActiveCfg = Debug|Any CPU
		{7ED618F4-9390-4BCE-81EF-155BB292C541}.Debug|Any CPU.Build.0 = Debug|Any CPU
		{7ED618F4-9390-4BCE-81EF-155BB292C541}.Release|Any CPU.ActiveCfg = Release|Any CPU
		{7ED618F4-9390-4BCE-81EF-155BB292C541}.Release|Any CPU.Build.0 = Release|Any CPU
		{467657C0-2399-4718-BF6D-A2ED626F61B1}.Debug|Any CPU.ActiveCfg = Debug|Any CPU
		{467657C0-2399-4718-BF6D-A2ED626F61B1}.Debug|Any CPU.Build.0 = Debug|Any CPU
		{467657C0-2399-4718-BF6D-A2ED626F61B1}.Release|Any CPU.ActiveCfg = Release|Any CPU
		{467657C0-2399-4718-BF6D-A2ED626F61B1}.Release|Any CPU.Build.0 = Release|Any CPU
		{728CDB48-ACB5-44EB-A1B2-DE6F0F94FA3B}.Debug|Any CPU.ActiveCfg = Debug|Any CPU
		{728CDB48-ACB5-44EB-A1B2-DE6F0F94FA3B}.Debug|Any CPU.Build.0 = Debug|Any CPU
		{728CDB48-ACB5-44EB-A1B2-DE6F0F94FA3B}.Release|Any CPU.ActiveCfg = Release|Any CPU
		{728CDB48-ACB5-44EB-A1B2-DE6F0F94FA3B}.Release|Any CPU.Build.0 = Release|Any CPU
	EndGlobalSection
	GlobalSection(NestedProjects) = preSolution
		{728CDB48-ACB5-44EB-A1B2-DE6F0F94FA3B} = {3FEAA93C-F45D-4264-AEDC-D80EA8707C59}
		{467657C0-2399-4718-BF6D-A2ED626F61B1} = {3FEAA93C-F45D-4264-AEDC-D80EA8707C59}
		{6B90CE15-1329-4E5D-8C7B-A08F81E0853B} = {1B73FC4E-4F48-467F-97D7-52955E755E95}
		{C5A18BF0-3D57-4C98-8191-EA4C53F24E55} = {1B73FC4E-4F48-467F-97D7-52955E755E95}
		{AF051439-3687-4077-96A9-FA4DDD463125} = {1B73FC4E-4F48-467F-97D7-52955E755E95}
		{3FEAA93C-F45D-4264-AEDC-D80EA8707C59} = {1B73FC4E-4F48-467F-97D7-52955E755E95}
		{7ED618F4-9390-4BCE-81EF-155BB292C541} = {6B90CE15-1329-4E5D-8C7B-A08F81E0853B}
		{82F90595-3485-402F-B289-5280B790CA09} = {70DC583B-3ACE-494B-A2E4-A851492EDB41}
		{89CBD3E7-C3E7-4596-952C-C4FD3D518958} = {70DC583B-3ACE-494B-A2E4-A851492EDB41}
	EndGlobalSection
EndGlobal
